
Microsoft Visual Studio Solution File, Format Version 12.00
# Visual Studio Version 16
VisualStudioVersion = 16.0.30320.27
MinimumVisualStudioVersion = 10.0.40219.1
Project("{FAE04EC0-301F-11D3-BF4B-00C04F79EFBC}") = "DejandoHuella", "DejandoHuella\DejandoHuella.csproj", "{0D6687C4-86D5-4E6F-AAE9-C5E6CEFFD745}"
EndProject
Project("{FAE04EC0-301F-11D3-BF4B-00C04F79EFBC}") = "Venta.Modelo", "Venta.Modelo\Venta.Modelo.csproj", "{529E5D3D-BC3F-4412-BEB8-B219D82BACC3}"
EndProject
Project("{FAE04EC0-301F-11D3-BF4B-00C04F79EFBC}") = "Venta.AccesoDatos", "Venta.AccesoDatos\Venta.AccesoDatos.csproj", "{11F75AF0-CF40-4699-90C2-7AA65BC6D807}"
EndProject
Project("{FAE04EC0-301F-11D3-BF4B-00C04F79EFBC}") = "Venta.Consola", "Venta.Consola\Venta.Consola.csproj", "{856681B5-6125-4239-9BBE-A72924158D0C}"
EndProject
Global
	GlobalSection(SolutionConfigurationPlatforms) = preSolution
		Debug|Any CPU = Debug|Any CPU
		Release|Any CPU = Release|Any CPU
	EndGlobalSection
	GlobalSection(ProjectConfigurationPlatforms) = postSolution
		{0D6687C4-86D5-4E6F-AAE9-C5E6CEFFD745}.Debug|Any CPU.ActiveCfg = Debug|Any CPU
		{0D6687C4-86D5-4E6F-AAE9-C5E6CEFFD745}.Debug|Any CPU.Build.0 = Debug|Any CPU
		{0D6687C4-86D5-4E6F-AAE9-C5E6CEFFD745}.Release|Any CPU.ActiveCfg = Release|Any CPU
		{0D6687C4-86D5-4E6F-AAE9-C5E6CEFFD745}.Release|Any CPU.Build.0 = Release|Any CPU
		{529E5D3D-BC3F-4412-BEB8-B219D82BACC3}.Debug|Any CPU.ActiveCfg = Debug|Any CPU
		{529E5D3D-BC3F-4412-BEB8-B219D82BACC3}.Debug|Any CPU.Build.0 = Debug|Any CPU
		{529E5D3D-BC3F-4412-BEB8-B219D82BACC3}.Release|Any CPU.ActiveCfg = Release|Any CPU
		{529E5D3D-BC3F-4412-BEB8-B219D82BACC3}.Release|Any CPU.Build.0 = Release|Any CPU
		{11F75AF0-CF40-4699-90C2-7AA65BC6D807}.Debug|Any CPU.ActiveCfg = Debug|Any CPU
		{11F75AF0-CF40-4699-90C2-7AA65BC6D807}.Debug|Any CPU.Build.0 = Debug|Any CPU
		{11F75AF0-CF40-4699-90C2-7AA65BC6D807}.Release|Any CPU.ActiveCfg = Release|Any CPU
		{11F75AF0-CF40-4699-90C2-7AA65BC6D807}.Release|Any CPU.Build.0 = Release|Any CPU
		{856681B5-6125-4239-9BBE-A72924158D0C}.Debug|Any CPU.ActiveCfg = Debug|Any CPU
		{856681B5-6125-4239-9BBE-A72924158D0C}.Debug|Any CPU.Build.0 = Debug|Any CPU
		{856681B5-6125-4239-9BBE-A72924158D0C}.Release|Any CPU.ActiveCfg = Release|Any CPU
		{856681B5-6125-4239-9BBE-A72924158D0C}.Release|Any CPU.Build.0 = Release|Any CPU
	EndGlobalSection
	GlobalSection(SolutionProperties) = preSolution
		HideSolutionNode = FALSE
	EndGlobalSection
	GlobalSection(ExtensibilityGlobals) = postSolution
		SolutionGuid = {16B8FD64-C590-41CE-BDAD-97DDEFDE459E}
	EndGlobalSection
EndGlobal
